
Microsoft Visual Studio Solution File, Format Version 12.00
# Visual Studio 14
VisualStudioVersion = 14.0.25420.1
MinimumVisualStudioVersion = 10.0.40219.1
Project("{FAE04EC0-301F-11D3-BF4B-00C04F79EFBC}") = "LTP.Application", "LTP.Application\LTP.Application.csproj", "{F24AD240-F24B-4863-B39F-908D4B216B1F}"
EndProject
Project("{FAE04EC0-301F-11D3-BF4B-00C04F79EFBC}") = "LTP.BusinessLogic", "LTP.BusinessLogic\LTP.BusinessLogic.csproj", "{8426FBAB-2A6A-4906-8C58-0404FB29F10F}"
EndProject
Project("{FAE04EC0-301F-11D3-BF4B-00C04F79EFBC}") = "LTP.DataAccess", "LTP.DataAccess\LTP.DataAccess.csproj", "{070097E9-CF8B-47F2-AAE7-8B49FA7B96DE}"
EndProject
Project("{FAE04EC0-301F-11D3-BF4B-00C04F79EFBC}") = "LTP.DataModels", "LTP.DataModels\LTP.DataModels.csproj", "{B5B944F4-FAAE-44EA-A317-64978613F5C8}"
EndProject
Global
	GlobalSection(SolutionConfigurationPlatforms) = preSolution
		Debug|Any CPU = Debug|Any CPU
		Release|Any CPU = Release|Any CPU
	EndGlobalSection
	GlobalSection(ProjectConfigurationPlatforms) = postSolution
		{F24AD240-F24B-4863-B39F-908D4B216B1F}.Debug|Any CPU.ActiveCfg = Debug|Any CPU
		{F24AD240-F24B-4863-B39F-908D4B216B1F}.Debug|Any CPU.Build.0 = Debug|Any CPU
		{F24AD240-F24B-4863-B39F-908D4B216B1F}.Release|Any CPU.ActiveCfg = Release|Any CPU
		{F24AD240-F24B-4863-B39F-908D4B216B1F}.Release|Any CPU.Build.0 = Release|Any CPU
		{8426FBAB-2A6A-4906-8C58-0404FB29F10F}.Debug|Any CPU.ActiveCfg = Debug|Any CPU
		{8426FBAB-2A6A-4906-8C58-0404FB29F10F}.Debug|Any CPU.Build.0 = Debug|Any CPU
		{8426FBAB-2A6A-4906-8C58-0404FB29F10F}.Release|Any CPU.ActiveCfg = Release|Any CPU
		{8426FBAB-2A6A-4906-8C58-0404FB29F10F}.Release|Any CPU.Build.0 = Release|Any CPU
		{070097E9-CF8B-47F2-AAE7-8B49FA7B96DE}.Debug|Any CPU.ActiveCfg = Debug|Any CPU
		{070097E9-CF8B-47F2-AAE7-8B49FA7B96DE}.Debug|Any CPU.Build.0 = Debug|Any CPU
		{070097E9-CF8B-47F2-AAE7-8B49FA7B96DE}.Release|Any CPU.ActiveCfg = Release|Any CPU
		{070097E9-CF8B-47F2-AAE7-8B49FA7B96DE}.Release|Any CPU.Build.0 = Release|Any CPU
		{B5B944F4-FAAE-44EA-A317-64978613F5C8}.Debug|Any CPU.ActiveCfg = Debug|Any CPU
		{B5B944F4-FAAE-44EA-A317-64978613F5C8}.Debug|Any CPU.Build.0 = Debug|Any CPU
		{B5B944F4-FAAE-44EA-A317-64978613F5C8}.Release|Any CPU.ActiveCfg = Release|Any CPU
		{B5B944F4-FAAE-44EA-A317-64978613F5C8}.Release|Any CPU.Build.0 = Release|Any CPU
	EndGlobalSection
	GlobalSection(SolutionProperties) = preSolution
		HideSolutionNode = FALSE
	EndGlobalSection
EndGlobal
